
Microsoft Visual Studio Solution File, Format Version 12.00
Project("{FAE04EC0-301F-11D3-BF4B-00C04F79EFBC}") = "RealStateApp", "RealStateApp\RealStateApp.csproj", "{B51134D4-D6EF-44CE-9676-0B2C03EC5ECA}"
EndProject
Project("{2150E333-8FDC-42A3-9474-1A3956D46DE8}") = "Source", "Source", "{2B697A8C-A0E3-49E4-B26F-4C0A7907013E}"
EndProject
Project("{2150E333-8FDC-42A3-9474-1A3956D46DE8}") = "Core", "Core", "{B6600BDB-F78E-4A5E-9C09-4FD5A80A81FF}"
EndProject
Project("{2150E333-8FDC-42A3-9474-1A3956D46DE8}") = "Infrastructure", "Infrastructure", "{0900F107-249E-4B68-8F4A-72F406E2C9E7}"
EndProject
Project("{2150E333-8FDC-42A3-9474-1A3956D46DE8}") = "Presentation", "Presentation", "{03C2124F-10A0-44F6-84DB-A9E10C3F764A}"
EndProject
Project("{FAE04EC0-301F-11D3-BF4B-00C04F79EFBC}") = "RealStateApp.Core.Domain", "RealStateApp.Core.Domain\RealStateApp.Core.Domain.csproj", "{8030578F-E68D-44F1-AA0E-464D21858F72}"
EndProject
Project("{FAE04EC0-301F-11D3-BF4B-00C04F79EFBC}") = "RealStateApp.Core.Application", "RealStateApp.Core.Application\RealStateApp.Core.Application.csproj", "{9E7FD618-0FD3-4870-937E-28E63F392C7F}"
EndProject
Project("{FAE04EC0-301F-11D3-BF4B-00C04F79EFBC}") = "RealStateApp.Infrastructure.Persistence", "RealStateApp.Infrastructure.Persistence\RealStateApp.Infrastructure.Persistence.csproj", "{5C355F79-9B24-4D7C-9473-70A33AC95C15}"
EndProject
Project("{FAE04EC0-301F-11D3-BF4B-00C04F79EFBC}") = "RealStateApp.Infrastructure.Identity", "RealStateApp.Infrastructure.Identity\RealStateApp.Infrastructure.Identity.csproj", "{0E12688E-58A7-44F1-8D71-FC3AB0084F1B}"
EndProject
Project("{2150E333-8FDC-42A3-9474-1A3956D46DE8}") = "Tests", "Tests", "{C47EC16E-AE45-4E6E-88D9-4A8CCB8317A4}"
EndProject
Project("{FAE04EC0-301F-11D3-BF4B-00C04F79EFBC}") = "RealStateApp.Infrastructure.Shared", "RealStateApp.Infrastructure.Shared\RealStateApp.Infrastructure.Shared.csproj", "{E08FE5F4-B51F-4D4F-B538-8E4133A70616}"
EndProject
Project("{FAE04EC0-301F-11D3-BF4B-00C04F79EFBC}") = "RealStateApi", "RealStateApi\RealStateApi.csproj", "{ABF906A4-D2BA-4B31-A176-9FB8B0988065}"
EndProject
Project("{FAE04EC0-301F-11D3-BF4B-00C04F79EFBC}") = "RealStateApp.Integration.Tests", "RealStateApp.Integration.Tests\RealStateApp.Integration.Tests.csproj", "{AC7AB0F6-248F-4AD4-AD4E-CEAAE2F95B20}"
EndProject
Project("{FAE04EC0-301F-11D3-BF4B-00C04F79EFBC}") = "RealStateApp.Unit.Tests", "RealStateApp.Unit.Tests\RealStateApp.Unit.Tests.csproj", "{ABC8C3E8-DF1A-4D38-AED8-209726FCA65B}"
EndProject
Global
	GlobalSection(SolutionConfigurationPlatforms) = preSolution
		Debug|Any CPU = Debug|Any CPU
		Release|Any CPU = Release|Any CPU
	EndGlobalSection
	GlobalSection(ProjectConfigurationPlatforms) = postSolution
		{B51134D4-D6EF-44CE-9676-0B2C03EC5ECA}.Debug|Any CPU.ActiveCfg = Debug|Any CPU
		{B51134D4-D6EF-44CE-9676-0B2C03EC5ECA}.Debug|Any CPU.Build.0 = Debug|Any CPU
		{B51134D4-D6EF-44CE-9676-0B2C03EC5ECA}.Release|Any CPU.ActiveCfg = Release|Any CPU
		{B51134D4-D6EF-44CE-9676-0B2C03EC5ECA}.Release|Any CPU.Build.0 = Release|Any CPU
		{8030578F-E68D-44F1-AA0E-464D21858F72}.Debug|Any CPU.ActiveCfg = Debug|Any CPU
		{8030578F-E68D-44F1-AA0E-464D21858F72}.Debug|Any CPU.Build.0 = Debug|Any CPU
		{8030578F-E68D-44F1-AA0E-464D21858F72}.Release|Any CPU.ActiveCfg = Release|Any CPU
		{8030578F-E68D-44F1-AA0E-464D21858F72}.Release|Any CPU.Build.0 = Release|Any CPU
		{9E7FD618-0FD3-4870-937E-28E63F392C7F}.Debug|Any CPU.ActiveCfg = Debug|Any CPU
		{9E7FD618-0FD3-4870-937E-28E63F392C7F}.Debug|Any CPU.Build.0 = Debug|Any CPU
		{9E7FD618-0FD3-4870-937E-28E63F392C7F}.Release|Any CPU.ActiveCfg = Release|Any CPU
		{9E7FD618-0FD3-4870-937E-28E63F392C7F}.Release|Any CPU.Build.0 = Release|Any CPU
		{5C355F79-9B24-4D7C-9473-70A33AC95C15}.Debug|Any CPU.ActiveCfg = Debug|Any CPU
		{5C355F79-9B24-4D7C-9473-70A33AC95C15}.Debug|Any CPU.Build.0 = Debug|Any CPU
		{5C355F79-9B24-4D7C-9473-70A33AC95C15}.Release|Any CPU.ActiveCfg = Release|Any CPU
		{5C355F79-9B24-4D7C-9473-70A33AC95C15}.Release|Any CPU.Build.0 = Release|Any CPU
		{0E12688E-58A7-44F1-8D71-FC3AB0084F1B}.Debug|Any CPU.ActiveCfg = Debug|Any CPU
		{0E12688E-58A7-44F1-8D71-FC3AB0084F1B}.Debug|Any CPU.Build.0 = Debug|Any CPU
		{0E12688E-58A7-44F1-8D71-FC3AB0084F1B}.Release|Any CPU.ActiveCfg = Release|Any CPU
		{0E12688E-58A7-44F1-8D71-FC3AB0084F1B}.Release|Any CPU.Build.0 = Release|Any CPU
		{E08FE5F4-B51F-4D4F-B538-8E4133A70616}.Debug|Any CPU.ActiveCfg = Debug|Any CPU
		{E08FE5F4-B51F-4D4F-B538-8E4133A70616}.Debug|Any CPU.Build.0 = Debug|Any CPU
		{E08FE5F4-B51F-4D4F-B538-8E4133A70616}.Release|Any CPU.ActiveCfg = Release|Any CPU
		{E08FE5F4-B51F-4D4F-B538-8E4133A70616}.Release|Any CPU.Build.0 = Release|Any CPU
		{ABF906A4-D2BA-4B31-A176-9FB8B0988065}.Debug|Any CPU.ActiveCfg = Debug|Any CPU
		{ABF906A4-D2BA-4B31-A176-9FB8B0988065}.Debug|Any CPU.Build.0 = Debug|Any CPU
		{ABF906A4-D2BA-4B31-A176-9FB8B0988065}.Release|Any CPU.ActiveCfg = Release|Any CPU
		{ABF906A4-D2BA-4B31-A176-9FB8B0988065}.Release|Any CPU.Build.0 = Release|Any CPU
		{AC7AB0F6-248F-4AD4-AD4E-CEAAE2F95B20}.Debug|Any CPU.ActiveCfg = Debug|Any CPU
		{AC7AB0F6-248F-4AD4-AD4E-CEAAE2F95B20}.Debug|Any CPU.Build.0 = Debug|Any CPU
		{AC7AB0F6-248F-4AD4-AD4E-CEAAE2F95B20}.Release|Any CPU.ActiveCfg = Release|Any CPU
		{AC7AB0F6-248F-4AD4-AD4E-CEAAE2F95B20}.Release|Any CPU.Build.0 = Release|Any CPU
		{ABC8C3E8-DF1A-4D38-AED8-209726FCA65B}.Debug|Any CPU.ActiveCfg = Debug|Any CPU
		{ABC8C3E8-DF1A-4D38-AED8-209726FCA65B}.Debug|Any CPU.Build.0 = Debug|Any CPU
		{ABC8C3E8-DF1A-4D38-AED8-209726FCA65B}.Release|Any CPU.ActiveCfg = Release|Any CPU
		{ABC8C3E8-DF1A-4D38-AED8-209726FCA65B}.Release|Any CPU.Build.0 = Release|Any CPU
	EndGlobalSection
	GlobalSection(NestedProjects) = preSolution
		{B6600BDB-F78E-4A5E-9C09-4FD5A80A81FF} = {2B697A8C-A0E3-49E4-B26F-4C0A7907013E}
		{0900F107-249E-4B68-8F4A-72F406E2C9E7} = {2B697A8C-A0E3-49E4-B26F-4C0A7907013E}
		{03C2124F-10A0-44F6-84DB-A9E10C3F764A} = {2B697A8C-A0E3-49E4-B26F-4C0A7907013E}
		{8030578F-E68D-44F1-AA0E-464D21858F72} = {B6600BDB-F78E-4A5E-9C09-4FD5A80A81FF}
		{9E7FD618-0FD3-4870-937E-28E63F392C7F} = {B6600BDB-F78E-4A5E-9C09-4FD5A80A81FF}
		{5C355F79-9B24-4D7C-9473-70A33AC95C15} = {0900F107-249E-4B68-8F4A-72F406E2C9E7}
		{0E12688E-58A7-44F1-8D71-FC3AB0084F1B} = {0900F107-249E-4B68-8F4A-72F406E2C9E7}
		{B51134D4-D6EF-44CE-9676-0B2C03EC5ECA} = {03C2124F-10A0-44F6-84DB-A9E10C3F764A}
		{C47EC16E-AE45-4E6E-88D9-4A8CCB8317A4} = {2B697A8C-A0E3-49E4-B26F-4C0A7907013E}
		{E08FE5F4-B51F-4D4F-B538-8E4133A70616} = {0900F107-249E-4B68-8F4A-72F406E2C9E7}
		{ABF906A4-D2BA-4B31-A176-9FB8B0988065} = {03C2124F-10A0-44F6-84DB-A9E10C3F764A}
		{AC7AB0F6-248F-4AD4-AD4E-CEAAE2F95B20} = {C47EC16E-AE45-4E6E-88D9-4A8CCB8317A4}
		{ABC8C3E8-DF1A-4D38-AED8-209726FCA65B} = {C47EC16E-AE45-4E6E-88D9-4A8CCB8317A4}
	EndGlobalSection
EndGlobal
